
Microsoft Visual Studio Solution File, Format Version 12.00
# Visual Studio Version 17
VisualStudioVersion = 17.7.34221.43
MinimumVisualStudioVersion = 10.0.40219.1
Project("{FAE04EC0-301F-11D3-BF4B-00C04F79EFBC}") = "BicycleRenter", "BicycleRenter\BicycleRenter.csproj", "{90CC46BD-4EF0-484C-A430-F12CF1E840CC}"
EndProject
Global
	GlobalSection(SolutionConfigurationPlatforms) = preSolution
		Debug|Any CPU = Debug|Any CPU
		Release|Any CPU = Release|Any CPU
	EndGlobalSection
	GlobalSection(ProjectConfigurationPlatforms) = postSolution
		{90CC46BD-4EF0-484C-A430-F12CF1E840CC}.Debug|Any CPU.ActiveCfg = Debug|Any CPU
		{90CC46BD-4EF0-484C-A430-F12CF1E840CC}.Debug|Any CPU.Build.0 = Debug|Any CPU
		{90CC46BD-4EF0-484C-A430-F12CF1E840CC}.Release|Any CPU.ActiveCfg = Release|Any CPU
		{90CC46BD-4EF0-484C-A430-F12CF1E840CC}.Release|Any CPU.Build.0 = Release|Any CPU
	EndGlobalSection
	GlobalSection(SolutionProperties) = preSolution
		HideSolutionNode = FALSE
	EndGlobalSection
	GlobalSection(ExtensibilityGlobals) = postSolution
		SolutionGuid = {DF8E5FCA-0032-4F3C-B36E-3F39D80A8D69}
	EndGlobalSection
EndGlobal
